
Microsoft Visual Studio Solution File, Format Version 12.00
# Visual Studio Version 17
VisualStudioVersion = 17.13.35806.99 d17.13
MinimumVisualStudioVersion = 10.0.40219.1
Project("{FAE04EC0-301F-11D3-BF4B-00C04F79EFBC}") = "SisAt", "SisAt\SisAt.csproj", "{CE510474-2C41-46C7-A7EE-4F6FA9A6B228}"
EndProject
Global
	GlobalSection(SolutionConfigurationPlatforms) = preSolution
		Debug|Any CPU = Debug|Any CPU
		Release|Any CPU = Release|Any CPU
	EndGlobalSection
	GlobalSection(ProjectConfigurationPlatforms) = postSolution
		{CE510474-2C41-46C7-A7EE-4F6FA9A6B228}.Debug|Any CPU.ActiveCfg = Debug|Any CPU
		{CE510474-2C41-46C7-A7EE-4F6FA9A6B228}.Debug|Any CPU.Build.0 = Debug|Any CPU
		{CE510474-2C41-46C7-A7EE-4F6FA9A6B228}.Release|Any CPU.ActiveCfg = Release|Any CPU
		{CE510474-2C41-46C7-A7EE-4F6FA9A6B228}.Release|Any CPU.Build.0 = Release|Any CPU
	EndGlobalSection
	GlobalSection(SolutionProperties) = preSolution
		HideSolutionNode = FALSE
	EndGlobalSection
	GlobalSection(ExtensibilityGlobals) = postSolution
		SolutionGuid = {CD6E1C67-613C-405E-ABCE-A8C7F937B88E}
	EndGlobalSection
EndGlobal
